Microsoft Visual Studio Solution File, Format Version 12.00
# Visual Studio Version 17
VisualStudioVersion = 17.3.32825.248
MinimumVisualStudioVersion = 10.0.40219.1
Project("{9A19103F-16F7-4668-BE54-9A1E7A4F7556}") = "ProjectNamePlaceholder", "ProjectNamePlaceholder\ProjectNamePlaceholder.csproj", "{6C6545D9-3166-47DF-B0EF-34380203C86A}"
EndProject
Project("{2150E333-8FDC-42A3-9474-1A3956D46DE8}") = "Solution Items", "Solution Items", "{97C69C85-DD16-4DDE-9C1A-C31666A12F54}"
	ProjectSection(SolutionItems) = preProject
		.gitattributes = .gitattributes
		.gitignore = .gitignore
		nuget.config = nuget.config
	EndProjectSection
EndProject
#if (AddGitHubActions)
Project("{2150E333-8FDC-42A3-9474-1A3956D46DE8}") = ".github", ".github", "{4A092454-2476-43C2-BAC6-80438EFF32AD}"
EndProject
Project("{2150E333-8FDC-42A3-9474-1A3956D46DE8}") = "workflows", "workflows", "{43B424A8-D83C-4C1B-B1B3-9DF6457F4F84}"
	ProjectSection(SolutionItems) = preProject
		.github\workflows\main-deployment.yml = .github\workflows\main-deployment.yml
	EndProjectSection
EndProject
#endif
Global
	GlobalSection(SolutionConfigurationPlatforms) = preSolution
		Debug|x64 = Debug|x64
		Release|x64 = Release|x64
	EndGlobalSection
	GlobalSection(ProjectConfigurationPlatforms) = postSolution
		{6C6545D9-3166-47DF-B0EF-34380203C86A}.Debug|x64.ActiveCfg = Debug|x64
		{6C6545D9-3166-47DF-B0EF-34380203C86A}.Debug|x64.Build.0 = Debug|x64
		{6C6545D9-3166-47DF-B0EF-34380203C86A}.Release|x64.ActiveCfg = Release|x64
		{6C6545D9-3166-47DF-B0EF-34380203C86A}.Release|x64.Build.0 = Release|x64
	EndGlobalSection
	GlobalSection(SolutionProperties) = preSolution
		HideSolutionNode = FALSE
	EndGlobalSection
	GlobalSection(NestedProjects) = preSolution
		{4A092454-2476-43C2-BAC6-80438EFF32AD} = {97C69C85-DD16-4DDE-9C1A-C31666A12F54}
		{43B424A8-D83C-4C1B-B1B3-9DF6457F4F84} = {4A092454-2476-43C2-BAC6-80438EFF32AD}
	EndGlobalSection
	GlobalSection(ExtensibilityGlobals) = postSolution
		SolutionGuid = {CF69BB74-90A6-41D9-B817-8E423E7F959C}
	EndGlobalSection
EndGlobal
